
Microsoft Visual Studio Solution File, Format Version 12.00
Project("{FAE04EC0-301F-11D3-BF4B-00C04F79EFBC}") = "Hospital Project DB First", "Hospital Project DB First.csproj", "{EBDD3126-3100-4EE7-87D4-F4E1D84E5788}"
EndProject
Global
	GlobalSection(SolutionConfigurationPlatforms) = preSolution
		Debug|Any CPU = Debug|Any CPU
		Release|Any CPU = Release|Any CPU
	EndGlobalSection
	GlobalSection(ProjectConfigurationPlatforms) = postSolution
		{EBDD3126-3100-4EE7-87D4-F4E1D84E5788}.Debug|Any CPU.ActiveCfg = Debug|Any CPU
		{EBDD3126-3100-4EE7-87D4-F4E1D84E5788}.Debug|Any CPU.Build.0 = Debug|Any CPU
		{EBDD3126-3100-4EE7-87D4-F4E1D84E5788}.Release|Any CPU.ActiveCfg = Release|Any CPU
		{EBDD3126-3100-4EE7-87D4-F4E1D84E5788}.Release|Any CPU.Build.0 = Release|Any CPU
	EndGlobalSection
EndGlobal
