
Microsoft Visual Studio Solution File, Format Version 12.00
Project("{FAE04EC0-301F-11D3-BF4B-00C04F79EFBC}") = "Hospital ORM project", "Hospital ORM project.csproj", "{DE2C3558-0657-4A26-8547-4B011E6A87F9}"
EndProject
Global
	GlobalSection(SolutionConfigurationPlatforms) = preSolution
		Debug|Any CPU = Debug|Any CPU
		Release|Any CPU = Release|Any CPU
	EndGlobalSection
	GlobalSection(ProjectConfigurationPlatforms) = postSolution
		{DE2C3558-0657-4A26-8547-4B011E6A87F9}.Debug|Any CPU.ActiveCfg = Debug|Any CPU
		{DE2C3558-0657-4A26-8547-4B011E6A87F9}.Debug|Any CPU.Build.0 = Debug|Any CPU
		{DE2C3558-0657-4A26-8547-4B011E6A87F9}.Release|Any CPU.ActiveCfg = Release|Any CPU
		{DE2C3558-0657-4A26-8547-4B011E6A87F9}.Release|Any CPU.Build.0 = Release|Any CPU
	EndGlobalSection
EndGlobal
